# This file is autogenerated, do not edit; changes may be undone by the next 'dep ensure'.


[[projects]]
  digest = "1:90272eae3bf75d2aa681ff3eee6cf4f49e8b06db533dc9c830ef214e5abbaaf2"
  name = "github.com/PuerkitoBio/goquery"
  packages = ["."]
  pruneopts = ""
  revision = "dc2ec5c7ca4d9aae063b79b9f581dd3ea6afd2b2"
  version = "v1.4.1"

[[projects]]
  digest = "1:4d0cb5aec47a2aec8b8b211540dc59902f8f00d571281356597b41ae349f4885"
  name = "github.com/andybalholm/cascadia"
  packages = ["."]
  pruneopts = ""
  revision = "901648c87902174f774fac311d7f176f8647bdaa"
  version = "v1.0.0"

[[projects]]
  digest = "1:d4336a8cea03c9729c9be12c142938a28a0dbac23a316f019f6fee323cf03709"
  name = "github.com/aws/aws-sdk-go"
  packages = [
    "aws",
    "aws/awserr",
    "aws/awsutil",
    "aws/client",
    "aws/client/metadata",
    "aws/corehandlers",
    "aws/credentials",
    "aws/credentials/ec2rolecreds",
    "aws/credentials/endpointcreds",
    "aws/credentials/stscreds",
    "aws/defaults",
    "aws/ec2metadata",
    "aws/endpoints",
    "aws/request",
    "aws/session",
    "aws/signer/v4",
    "internal/shareddefaults",
    "private/protocol",
    "private/protocol/query",
    "private/protocol/query/queryutil",
    "private/protocol/rest",
    "private/protocol/restxml",
    "private/protocol/xml/xmlutil",
    "service/s3",
    "service/s3/s3iface",
    "service/s3/s3manager",
    "service/sts",
  ]
  pruneopts = ""
  revision = "b69f447375c7fa0047ebcdd8ae5d585d5aac2f71"
  version = "v1.10.51"

[[projects]]
  branch = "master"
  digest = "1:ea2251fa804d1b978feac8146d751b32ce2017eaf1f2915fde0df389bacaf383"
  name = "github.com/btcsuite/btcd"
  packages = [
    "btcec",
    "btcjson",
    "chaincfg",
    "chaincfg/chainhash",
    "rpcclient",
    "wire",
  ]
  pruneopts = ""
  revision = "86fed781132ac890ee03e906e4ecd5d6fa180c64"

[[projects]]
  branch = "master"
  digest = "1:30d4a548e09bca4a0c77317c58e7407e2a65c15325e944f9c08a7b7992f8a59e"
  name = "github.com/btcsuite/btclog"
  packages = ["."]
  pruneopts = ""
  revision = "84c8d2346e9fc8c7b947e243b9c24e6df9fd206a"

[[projects]]
  branch = "master"
  digest = "1:471ae435f9ad7fc2f6b7a2e91ca026a124792859a7033fa60579c3aa618161ed"
  name = "github.com/btcsuite/btcutil"
  packages = [
    ".",
    "base58",
    "bech32",
  ]
  pruneopts = ""
  revision = "d4cc87b860166d00d6b5b9e0d3b3d71d6088d4d4"

[[projects]]
  branch = "master"
  digest = "1:422f38d57f1bc0fdc34f26d0f1026869a3710400b09b5478c9288efa13573cfa"
  name = "github.com/btcsuite/go-socks"
  packages = ["socks"]
  pruneopts = ""
  revision = "4720035b7bfd2a9bb130b1c184f8bbe41b6f0d0f"

[[projects]]
  branch = "master"
  digest = "1:57c911bbbf529465cf2ca5d43546cd5875a59054c41e2fe97791419959282aa1"
  name = "github.com/btcsuite/websocket"
  packages = ["."]
  pruneopts = ""
  revision = "31079b6807923eb23992c421b114992b95131b55"

[[projects]]
  digest = "1:0a39ec8bf5629610a4bc7873a92039ee509246da3cef1a0ea60f1ed7e5f9cea5"
  name = "github.com/davecgh/go-spew"
  packages = ["spew"]
  pruneopts = ""
  revision = "346938d642f2ec3594ed81d874461961cd0faa76"
  version = "v1.1.0"

[[projects]]
  digest = "1:4b5f8c148e7fa094b73bcb6d16ea46eac7fdc726e55b81845ff96e29df534421"
  name = "github.com/garyburd/redigo"
  packages = [
    "internal",
    "redis",
  ]
  pruneopts = ""
  revision = "a69d19351219b6dd56f274f96d85a7014a2ec34e"
  version = "v1.6.0"

[[projects]]
  digest = "1:968d8903d598e3fae738325d3410f33f07ea6a2b9ee5591e9c262ee37df6845a"
  name = "github.com/go-errors/errors"
  packages = ["."]
  pruneopts = ""
  revision = "a6af135bd4e28680facf08a3d206b454abc877a4"
  version = "v1.0.1"

[[projects]]
  branch = "master"
  digest = "1:4d5221853226d8d4be594d52d885ddde38170d2e3159b82ed92ecde4dded2304"
  name = "github.com/go-ini/ini"
  packages = ["."]
  pruneopts = ""
  revision = "5cf292cae48347c2490ac1a58fe36735fb78df7e"

[[projects]]
  digest = "1:b1d3041d568e065ab4d76f7477844458e9209c0bb241eaccdc0770bf0a13b120"
  name = "github.com/golang/protobuf"
  packages = ["proto"]
  pruneopts = ""
  revision = "b4deda0973fb4c70b50d226b1af49f3da59f5265"
  version = "v1.1.0"

[[projects]]
  digest = "1:fe1b4d4cbe48c0d55507c55f8663aa4185576cc58fa0c8be03bb8f19dfe17a9c"
  name = "github.com/gorilla/websocket"
  packages = ["."]
  pruneopts = ""
  revision = "ea4d1f681babbce9545c9c5f3d5194a789c89f5b"
  version = "v1.2.0"

[[projects]]
  digest = "1:870d441fe217b8e689d7949fef6e43efbc787e50f200cb1e70dbca9204a1d6be"
  name = "github.com/inconshreveable/mousetrap"
  packages = ["."]
  pruneopts = ""
  revision = "76626ae9c91c4f2a10f34cad8ce83ea42c93bb75"
  version = "v1.0"

[[projects]]
  digest = "1:4f767a115bc8e08576f6d38ab73c376fc1b1cd3bb5041171c9e8668cc7739b52"
  name = "github.com/jmespath/go-jmespath"
  packages = ["."]
  pruneopts = ""
  revision = "0b12d6b5"

[[projects]]
  branch = "master"
  digest = "1:375104fd705791c50351e652a9d80321813fefc4f83a7871cb2f6111a5bc1dc3"
  name = "github.com/lbryio/lbryschema.go"
  packages = ["pb"]
  pruneopts = ""
  revision = "185433f2fd0c732547654749b98b37e56223dd22"

[[projects]]
  digest = "1:daad05ffdae6e2cd9bd9bbc14440e7e8e841037141f26a775a5a31b1b61cb14d"
  name = "github.com/lbryio/ozzo-validation"
  packages = ["."]
  pruneopts = ""
  revision = "d1008ad1fd04ceb5faedaf34881df0c504382706"
  version = "v3.1"

[[projects]]
  branch = "master"
  digest = "1:1dee6133ab829c8559a39031ad1e0e3538e4a7b34d3e0509d1fc247737e928c1"
  name = "github.com/mitchellh/go-ps"
  packages = ["."]
  pruneopts = ""
  revision = "4fdf99ab29366514c69ccccddab5dc58b8d84062"

[[projects]]
  branch = "master"
  digest = "1:eb9117392ee8e7aa44f78e0db603f70b1050ee0ebda4bd40040befb5b218c546"
  name = "github.com/mitchellh/mapstructure"
  packages = ["."]
  pruneopts = ""
  revision = "bb74f1db0675b241733089d5a1faa5dd8b0ef57b"

[[projects]]
  digest = "1:ba7d1dfde0c2142011332bffce4d8468310228afd49dd4425ac59fa9124fb7c4"
  name = "github.com/nlopes/slack"
  packages = ["."]
  pruneopts = ""
  revision = "8ab4d0b364ef1e9af5d102531da20d5ec902b6c4"
  version = "v0.2.0"

[[projects]]
  branch = "master"
  digest = "1:1ee326e6da62d87b3a07a9303d2cbb70f974207d14e6d992c61b6e650ff37c50"
  name = "github.com/rylio/ytdl"
  packages = ["."]
  pruneopts = ""
  revision = "06f6510946275931157f5fe73f55ec7d6fd65870"

[[projects]]
  branch = "master"
  digest = "1:67b7dcb3b7e67cb6f96fb38fe7358bc1210453189da210e40cf357a92d57c1c1"
  name = "github.com/shopspring/decimal"
  packages = ["."]
  pruneopts = ""
  revision = "19e3cb6c29303990525b56f51acf77c5630dd88a"

[[projects]]
  branch = "master"
  digest = "1:4cb1f758b69097d419a148e64c86b358a4f77c695504f99de1ee86617d64f74e"
  name = "github.com/sirupsen/logrus"
  packages = ["."]
  pruneopts = ""
  revision = "ea8897e79973357ba785ac2533559a6297e83c44"

[[projects]]
  branch = "master"
  digest = "1:d0b38ba6da419a6d4380700218eeec8623841d44a856bb57369c172fbf692ab4"
  name = "github.com/spf13/cast"
  packages = ["."]
  pruneopts = ""
  revision = "8965335b8c7107321228e3e3702cab9832751bac"

[[projects]]
  branch = "master"
  digest = "1:7bcdb212f21d3cf318699d50af69a9192ef73fedad0d94d9ed5616f349457881"
  name = "github.com/spf13/cobra"
  packages = ["."]
  pruneopts = ""
  revision = "1e58aa3361fd650121dceeedc399e7189c05674a"

[[projects]]
  digest = "1:8e243c568f36b09031ec18dff5f7d2769dcf5ca4d624ea511c8e3197dc3d352d"
  name = "github.com/spf13/pflag"
  packages = ["."]
  pruneopts = ""
  revision = "583c0c0531f06d5278b7d917446061adc344b5cd"
  version = "v1.0.1"

[[projects]]
  branch = "master"
  digest = "1:22d3674d44ee93f52a9c0b6a22d1f736a0ad9ac3f9d2c1ca8648f3c9ce9910bd"
  name = "github.com/ybbus/jsonrpc"
  packages = ["."]
  pruneopts = ""
  revision = "2a548b7d822dd62717337a6b1e817fae1b14660a"

[[projects]]
  branch = "master"
  digest = "1:3610c577942fbfd2c8975d70a2342bbd13f30cf214237fb8f920c9a6cec0f14a"
  name = "github.com/zeebo/bencode"
  packages = ["."]
  pruneopts = ""
  revision = "d522839ac797fc43269dae6a04a1f8be475a915d"

[[projects]]
  branch = "master"
  digest = "1:e7dc596c84a908dd326d2c07453307f192976c3edb9482b88290c42076fe378f"
  name = "golang.org/x/crypto"
  packages = [
    "ripemd160",
    "sha3",
    "ssh/terminal",
  ]
  pruneopts = ""
  revision = "8ac0e0d97ce45cd83d1d7243c060cb8461dda5e9"

[[projects]]
  branch = "master"
  digest = "1:3edb9c19d0b874999053badbbcc08edab3cde0262d2beb36ad6c0d78391c19ac"
  name = "golang.org/x/net"
  packages = [
    "context",
    "context/ctxhttp",
    "html",
    "html/atom",
  ]
  pruneopts = ""
  revision = "db08ff08e8622530d9ed3a0e8ac279f6d4c02196"

[[projects]]
  branch = "master"
  digest = "1:b1ac49fd3eae66e95230ea3423158b18374a5ad1c53caf89bc7fc1a441e9e0e7"
  name = "golang.org/x/sys"
  packages = [
    "unix",
    "windows",
  ]
  pruneopts = ""
  revision = "bff228c7b664c5fce602223a05fb708fd8654986"

[[projects]]
  branch = "master"
  digest = "1:b4f82373e582dff1470e66574ac664b548aa69cffce0943321797fd75f46ee6f"
  name = "google.golang.org/api"
  packages = [
    "gensupport",
    "googleapi",
    "googleapi/internal/uritemplates",
    "googleapi/transport",
    "youtube/v3",
  ]
  pruneopts = ""
  revision = "ef86ce4234efee96020bde00391d6a9cfae66561"

[[projects]]
  digest = "1:05eca53b271663de74078b5484b1995a8d56668a51434a698dc5d0863035d575"
  name = "gopkg.in/nullbio/null.v6"
  packages = ["convert"]
  pruneopts = ""
  revision = "40264a2e6b7972d183906cf17663983c23231c82"
  version = "v6.3"

[solve-meta]
  analyzer-name = "dep"
  analyzer-version = 1
  input-imports = [
    "github.com/aws/aws-sdk-go/aws",
    "github.com/aws/aws-sdk-go/aws/awserr",
    "github.com/aws/aws-sdk-go/aws/credentials",
    "github.com/aws/aws-sdk-go/aws/session",
    "github.com/aws/aws-sdk-go/service/s3",
    "github.com/aws/aws-sdk-go/service/s3/s3manager",
    "github.com/btcsuite/btcd/chaincfg",
    "github.com/btcsuite/btcd/chaincfg/chainhash",
    "github.com/btcsuite/btcd/rpcclient",
    "github.com/btcsuite/btcutil",
    "github.com/btcsuite/btcutil/base58",
    "github.com/davecgh/go-spew/spew",
    "github.com/garyburd/redigo/redis",
    "github.com/go-errors/errors",
    "github.com/go-ini/ini",
    "github.com/lbryio/lbryschema.go/pb",
    "github.com/lbryio/ozzo-validation",
    "github.com/mitchellh/go-ps",
    "github.com/mitchellh/mapstructure",
    "github.com/nlopes/slack",
    "github.com/rylio/ytdl",
    "github.com/shopspring/decimal",
    "github.com/sirupsen/logrus",
    "github.com/spf13/cast",
    "github.com/spf13/cobra",
    "github.com/ybbus/jsonrpc",
    "github.com/zeebo/bencode",
    "golang.org/x/crypto/ripemd160",
    "golang.org/x/crypto/sha3",
    "google.golang.org/api/googleapi/transport",
    "google.golang.org/api/youtube/v3",
    "gopkg.in/nullbio/null.v6/convert",
  ]
  solver-name = "gps-cdcl"
  solver-version = 1
